
Microsoft Visual Studio Solution File, Format Version 12.00
# Visual Studio Version 16
VisualStudioVersion = 16.0.29728.190
MinimumVisualStudioVersion = 10.0.40219.1
Project("{8BC9CEB8-8B4A-11D0-8D11-00A0C91BC942}") = "TextRPG", "TextRPG\TextRPG.vcxproj", "{93F7C416-2F84-4450-9908-50DAADCEA4B7}"
EndProject
Project("{2150E333-8FDC-42A3-9474-1A3956D46DE8}") = "CMake", "CMake", "{3363BDAE-B489-394E-B032-A07436B7FD42}"
EndProject
Project("{2150E333-8FDC-42A3-9474-1A3956D46DE8}") = "SFML", "SFML", "{92A93419-2974-37D0-8B65-E25D2CB54536}"
EndProject
Project("{8BC9CEB8-8B4A-11D0-8D11-00A0C91BC942}") = "ALL_BUILD", "D:\User Data\Documents\SFML\sfml-build\ALL_BUILD.vcxproj", "{A558D054-1BBF-3CB3-B3EA-730193AB0347}"
	ProjectSection(ProjectDependencies) = postProject
		{38399356-2A8C-305D-9142-7D1FCBC63E3E} = {38399356-2A8C-305D-9142-7D1FCBC63E3E}
		{4B40FE82-820A-35D9-9A2E-D2B10AB48A65} = {4B40FE82-820A-35D9-9A2E-D2B10AB48A65}
		{815AC7AF-3228-3C4D-91FF-7D28710E8A42} = {815AC7AF-3228-3C4D-91FF-7D28710E8A42}
		{51ABBA6B-8486-3C6B-B367-613638B08072} = {51ABBA6B-8486-3C6B-B367-613638B08072}
		{A575702A-51F6-363A-AB09-026F4C5CA5D2} = {A575702A-51F6-363A-AB09-026F4C5CA5D2}
		{E6FEC525-533E-33BA-ACA3-16A8B22B120C} = {E6FEC525-533E-33BA-ACA3-16A8B22B120C}
		{13A9BE17-9427-3CD1-B9CD-5D7BF7C1675A} = {13A9BE17-9427-3CD1-B9CD-5D7BF7C1675A}
	EndProjectSection
EndProject
Project("{8BC9CEB8-8B4A-11D0-8D11-00A0C91BC942}") = "INSTALL", "D:\User Data\Documents\SFML\sfml-build\INSTALL.vcxproj", "{CFDCFA02-E206-391B-9294-60FACC92CC15}"
	ProjectSection(ProjectDependencies) = postProject
		{A558D054-1BBF-3CB3-B3EA-730193AB0347} = {A558D054-1BBF-3CB3-B3EA-730193AB0347}
		{38399356-2A8C-305D-9142-7D1FCBC63E3E} = {38399356-2A8C-305D-9142-7D1FCBC63E3E}
	EndProjectSection
EndProject
Project("{8BC9CEB8-8B4A-11D0-8D11-00A0C91BC942}") = "ZERO_CHECK", "D:\User Data\Documents\SFML\sfml-build\ZERO_CHECK.vcxproj", "{38399356-2A8C-305D-9142-7D1FCBC63E3E}"
EndProject
Project("{8BC9CEB8-8B4A-11D0-8D11-00A0C91BC942}") = "sfml-audio", "D:\User Data\Documents\SFML\sfml-build\src\SFML\Audio\sfml-audio.vcxproj", "{4B40FE82-820A-35D9-9A2E-D2B10AB48A65}"
	ProjectSection(ProjectDependencies) = postProject
		{38399356-2A8C-305D-9142-7D1FCBC63E3E} = {38399356-2A8C-305D-9142-7D1FCBC63E3E}
		{E6FEC525-533E-33BA-ACA3-16A8B22B120C} = {E6FEC525-533E-33BA-ACA3-16A8B22B120C}
	EndProjectSection
EndProject
Project("{8BC9CEB8-8B4A-11D0-8D11-00A0C91BC942}") = "sfml-graphics", "D:\User Data\Documents\SFML\sfml-build\src\SFML\Graphics\sfml-graphics.vcxproj", "{815AC7AF-3228-3C4D-91FF-7D28710E8A42}"
	ProjectSection(ProjectDependencies) = postProject
		{38399356-2A8C-305D-9142-7D1FCBC63E3E} = {38399356-2A8C-305D-9142-7D1FCBC63E3E}
		{E6FEC525-533E-33BA-ACA3-16A8B22B120C} = {E6FEC525-533E-33BA-ACA3-16A8B22B120C}
		{13A9BE17-9427-3CD1-B9CD-5D7BF7C1675A} = {13A9BE17-9427-3CD1-B9CD-5D7BF7C1675A}
	EndProjectSection
EndProject
Project("{8BC9CEB8-8B4A-11D0-8D11-00A0C91BC942}") = "sfml-main", "D:\User Data\Documents\SFML\sfml-build\src\SFML\Main\sfml-main.vcxproj", "{51ABBA6B-8486-3C6B-B367-613638B08072}"
	ProjectSection(ProjectDependencies) = postProject
		{38399356-2A8C-305D-9142-7D1FCBC63E3E} = {38399356-2A8C-305D-9142-7D1FCBC63E3E}
	EndProjectSection
EndProject
Project("{8BC9CEB8-8B4A-11D0-8D11-00A0C91BC942}") = "sfml-network", "D:\User Data\Documents\SFML\sfml-build\src\SFML\Network\sfml-network.vcxproj", "{A575702A-51F6-363A-AB09-026F4C5CA5D2}"
	ProjectSection(ProjectDependencies) = postProject
		{38399356-2A8C-305D-9142-7D1FCBC63E3E} = {38399356-2A8C-305D-9142-7D1FCBC63E3E}
		{E6FEC525-533E-33BA-ACA3-16A8B22B120C} = {E6FEC525-533E-33BA-ACA3-16A8B22B120C}
	EndProjectSection
EndProject
Project("{8BC9CEB8-8B4A-11D0-8D11-00A0C91BC942}") = "sfml-system", "D:\User Data\Documents\SFML\sfml-build\src\SFML\System\sfml-system.vcxproj", "{E6FEC525-533E-33BA-ACA3-16A8B22B120C}"
	ProjectSection(ProjectDependencies) = postProject
		{38399356-2A8C-305D-9142-7D1FCBC63E3E} = {38399356-2A8C-305D-9142-7D1FCBC63E3E}
	EndProjectSection
EndProject
Project("{8BC9CEB8-8B4A-11D0-8D11-00A0C91BC942}") = "sfml-window", "D:\User Data\Documents\SFML\sfml-build\src\SFML\Window\sfml-window.vcxproj", "{13A9BE17-9427-3CD1-B9CD-5D7BF7C1675A}"
	ProjectSection(ProjectDependencies) = postProject
		{38399356-2A8C-305D-9142-7D1FCBC63E3E} = {38399356-2A8C-305D-9142-7D1FCBC63E3E}
		{E6FEC525-533E-33BA-ACA3-16A8B22B120C} = {E6FEC525-533E-33BA-ACA3-16A8B22B120C}
	EndProjectSection
EndProject
Global
	GlobalSection(SolutionConfigurationPlatforms) = preSolution
		Debug|x64 = Debug|x64
		Debug|x86 = Debug|x86
		MinSizeRel|x64 = MinSizeRel|x64
		MinSizeRel|x86 = MinSizeRel|x86
		Release|x64 = Release|x64
		Release|x86 = Release|x86
		RelWithDebInfo|x64 = RelWithDebInfo|x64
		RelWithDebInfo|x86 = RelWithDebInfo|x86
	EndGlobalSection
	GlobalSection(ProjectConfigurationPlatforms) = postSolution
		{93F7C416-2F84-4450-9908-50DAADCEA4B7}.Debug|x64.ActiveCfg = Debug|x64
		{93F7C416-2F84-4450-9908-50DAADCEA4B7}.Debug|x64.Build.0 = Debug|x64
		{93F7C416-2F84-4450-9908-50DAADCEA4B7}.Debug|x86.ActiveCfg = Debug|Win32
		{93F7C416-2F84-4450-9908-50DAADCEA4B7}.Debug|x86.Build.0 = Debug|Win32
		{93F7C416-2F84-4450-9908-50DAADCEA4B7}.MinSizeRel|x64.ActiveCfg = Release|x64
		{93F7C416-2F84-4450-9908-50DAADCEA4B7}.MinSizeRel|x64.Build.0 = Release|x64
		{93F7C416-2F84-4450-9908-50DAADCEA4B7}.MinSizeRel|x86.ActiveCfg = Release|Win32
		{93F7C416-2F84-4450-9908-50DAADCEA4B7}.MinSizeRel|x86.Build.0 = Release|Win32
		{93F7C416-2F84-4450-9908-50DAADCEA4B7}.Release|x64.ActiveCfg = Release|x64
		{93F7C416-2F84-4450-9908-50DAADCEA4B7}.Release|x64.Build.0 = Release|x64
		{93F7C416-2F84-4450-9908-50DAADCEA4B7}.Release|x86.ActiveCfg = Release|Win32
		{93F7C416-2F84-4450-9908-50DAADCEA4B7}.Release|x86.Build.0 = Release|Win32
		{93F7C416-2F84-4450-9908-50DAADCEA4B7}.RelWithDebInfo|x64.ActiveCfg = Release|x64
		{93F7C416-2F84-4450-9908-50DAADCEA4B7}.RelWithDebInfo|x64.Build.0 = Release|x64
		{93F7C416-2F84-4450-9908-50DAADCEA4B7}.RelWithDebInfo|x86.ActiveCfg = Release|Win32
		{93F7C416-2F84-4450-9908-50DAADCEA4B7}.RelWithDebInfo|x86.Build.0 = Release|Win32
		{A558D054-1BBF-3CB3-B3EA-730193AB0347}.Debug|x64.ActiveCfg = Debug|x64
		{A558D054-1BBF-3CB3-B3EA-730193AB0347}.Debug|x86.ActiveCfg = Debug|Win32
		{A558D054-1BBF-3CB3-B3EA-730193AB0347}.MinSizeRel|x64.ActiveCfg = MinSizeRel|x64
		{A558D054-1BBF-3CB3-B3EA-730193AB0347}.MinSizeRel|x64.Build.0 = MinSizeRel|x64
		{A558D054-1BBF-3CB3-B3EA-730193AB0347}.MinSizeRel|x86.ActiveCfg = MinSizeRel|x64
		{A558D054-1BBF-3CB3-B3EA-730193AB0347}.Release|x64.ActiveCfg = Release|x64
		{A558D054-1BBF-3CB3-B3EA-730193AB0347}.Release|x64.Build.0 = Release|x64
		{A558D054-1BBF-3CB3-B3EA-730193AB0347}.Release|x86.ActiveCfg = Release|x64
		{A558D054-1BBF-3CB3-B3EA-730193AB0347}.RelWithDebInfo|x64.ActiveCfg = RelWithDebInfo|x64
		{A558D054-1BBF-3CB3-B3EA-730193AB0347}.RelWithDebInfo|x64.Build.0 = RelWithDebInfo|x64
		{A558D054-1BBF-3CB3-B3EA-730193AB0347}.RelWithDebInfo|x86.ActiveCfg = RelWithDebInfo|x64
		{CFDCFA02-E206-391B-9294-60FACC92CC15}.Debug|x64.ActiveCfg = Debug|x64
		{CFDCFA02-E206-391B-9294-60FACC92CC15}.Debug|x86.ActiveCfg = Debug|Win32
		{CFDCFA02-E206-391B-9294-60FACC92CC15}.MinSizeRel|x64.ActiveCfg = MinSizeRel|x64
		{CFDCFA02-E206-391B-9294-60FACC92CC15}.MinSizeRel|x86.ActiveCfg = MinSizeRel|x64
		{CFDCFA02-E206-391B-9294-60FACC92CC15}.Release|x64.ActiveCfg = Release|x64
		{CFDCFA02-E206-391B-9294-60FACC92CC15}.Release|x86.ActiveCfg = Release|x64
		{CFDCFA02-E206-391B-9294-60FACC92CC15}.RelWithDebInfo|x64.ActiveCfg = RelWithDebInfo|x64
		{CFDCFA02-E206-391B-9294-60FACC92CC15}.RelWithDebInfo|x86.ActiveCfg = RelWithDebInfo|x64
		{38399356-2A8C-305D-9142-7D1FCBC63E3E}.Debug|x64.ActiveCfg = Debug|x64
		{38399356-2A8C-305D-9142-7D1FCBC63E3E}.Debug|x86.ActiveCfg = Debug|Win32
		{38399356-2A8C-305D-9142-7D1FCBC63E3E}.MinSizeRel|x64.ActiveCfg = MinSizeRel|x64
		{38399356-2A8C-305D-9142-7D1FCBC63E3E}.MinSizeRel|x64.Build.0 = MinSizeRel|x64
		{38399356-2A8C-305D-9142-7D1FCBC63E3E}.MinSizeRel|x86.ActiveCfg = MinSizeRel|x64
		{38399356-2A8C-305D-9142-7D1FCBC63E3E}.Release|x64.ActiveCfg = Release|x64
		{38399356-2A8C-305D-9142-7D1FCBC63E3E}.Release|x64.Build.0 = Release|x64
		{38399356-2A8C-305D-9142-7D1FCBC63E3E}.Release|x86.ActiveCfg = Release|x64
		{38399356-2A8C-305D-9142-7D1FCBC63E3E}.RelWithDebInfo|x64.ActiveCfg = RelWithDebInfo|x64
		{38399356-2A8C-305D-9142-7D1FCBC63E3E}.RelWithDebInfo|x64.Build.0 = RelWithDebInfo|x64
		{38399356-2A8C-305D-9142-7D1FCBC63E3E}.RelWithDebInfo|x86.ActiveCfg = RelWithDebInfo|x64
		{4B40FE82-820A-35D9-9A2E-D2B10AB48A65}.Debug|x64.ActiveCfg = Debug|x64
		{4B40FE82-820A-35D9-9A2E-D2B10AB48A65}.Debug|x86.ActiveCfg = Debug|Win32
		{4B40FE82-820A-35D9-9A2E-D2B10AB48A65}.MinSizeRel|x64.ActiveCfg = MinSizeRel|x64
		{4B40FE82-820A-35D9-9A2E-D2B10AB48A65}.MinSizeRel|x64.Build.0 = MinSizeRel|x64
		{4B40FE82-820A-35D9-9A2E-D2B10AB48A65}.MinSizeRel|x86.ActiveCfg = MinSizeRel|x64
		{4B40FE82-820A-35D9-9A2E-D2B10AB48A65}.Release|x64.ActiveCfg = Release|x64
		{4B40FE82-820A-35D9-9A2E-D2B10AB48A65}.Release|x64.Build.0 = Release|x64
		{4B40FE82-820A-35D9-9A2E-D2B10AB48A65}.Release|x86.ActiveCfg = Release|x64
		{4B40FE82-820A-35D9-9A2E-D2B10AB48A65}.RelWithDebInfo|x64.ActiveCfg = RelWithDebInfo|x64
		{4B40FE82-820A-35D9-9A2E-D2B10AB48A65}.RelWithDebInfo|x64.Build.0 = RelWithDebInfo|x64
		{4B40FE82-820A-35D9-9A2E-D2B10AB48A65}.RelWithDebInfo|x86.ActiveCfg = RelWithDebInfo|x64
		{815AC7AF-3228-3C4D-91FF-7D28710E8A42}.Debug|x64.ActiveCfg = Debug|x64
		{815AC7AF-3228-3C4D-91FF-7D28710E8A42}.Debug|x86.ActiveCfg = Debug|Win32
		{815AC7AF-3228-3C4D-91FF-7D28710E8A42}.MinSizeRel|x64.ActiveCfg = MinSizeRel|x64
		{815AC7AF-3228-3C4D-91FF-7D28710E8A42}.MinSizeRel|x64.Build.0 = MinSizeRel|x64
		{815AC7AF-3228-3C4D-91FF-7D28710E8A42}.MinSizeRel|x86.ActiveCfg = MinSizeRel|x64
		{815AC7AF-3228-3C4D-91FF-7D28710E8A42}.Release|x64.ActiveCfg = Release|x64
		{815AC7AF-3228-3C4D-91FF-7D28710E8A42}.Release|x64.Build.0 = Release|x64
		{815AC7AF-3228-3C4D-91FF-7D28710E8A42}.Release|x86.ActiveCfg = Release|x64
		{815AC7AF-3228-3C4D-91FF-7D28710E8A42}.RelWithDebInfo|x64.ActiveCfg = RelWithDebInfo|x64
		{815AC7AF-3228-3C4D-91FF-7D28710E8A42}.RelWithDebInfo|x64.Build.0 = RelWithDebInfo|x64
		{815AC7AF-3228-3C4D-91FF-7D28710E8A42}.RelWithDebInfo|x86.ActiveCfg = RelWithDebInfo|x64
		{51ABBA6B-8486-3C6B-B367-613638B08072}.Debug|x64.ActiveCfg = Debug|x64
		{51ABBA6B-8486-3C6B-B367-613638B08072}.Debug|x86.ActiveCfg = Debug|Win32
		{51ABBA6B-8486-3C6B-B367-613638B08072}.MinSizeRel|x64.ActiveCfg = MinSizeRel|x64
		{51ABBA6B-8486-3C6B-B367-613638B08072}.MinSizeRel|x64.Build.0 = MinSizeRel|x64
		{51ABBA6B-8486-3C6B-B367-613638B08072}.MinSizeRel|x86.ActiveCfg = MinSizeRel|x64
		{51ABBA6B-8486-3C6B-B367-613638B08072}.Release|x64.ActiveCfg = Release|x64
		{51ABBA6B-8486-3C6B-B367-613638B08072}.Release|x64.Build.0 = Release|x64
		{51ABBA6B-8486-3C6B-B367-613638B08072}.Release|x86.ActiveCfg = Release|x64
		{51ABBA6B-8486-3C6B-B367-613638B08072}.RelWithDebInfo|x64.ActiveCfg = RelWithDebInfo|x64
		{51ABBA6B-8486-3C6B-B367-613638B08072}.RelWithDebInfo|x64.Build.0 = RelWithDebInfo|x64
		{51ABBA6B-8486-3C6B-B367-613638B08072}.RelWithDebInfo|x86.ActiveCfg = RelWithDebInfo|x64
		{A575702A-51F6-363A-AB09-026F4C5CA5D2}.Debug|x64.ActiveCfg = Debug|x64
		{A575702A-51F6-363A-AB09-026F4C5CA5D2}.Debug|x86.ActiveCfg = Debug|Win32
		{A575702A-51F6-363A-AB09-026F4C5CA5D2}.MinSizeRel|x64.ActiveCfg = MinSizeRel|x64
		{A575702A-51F6-363A-AB09-026F4C5CA5D2}.MinSizeRel|x64.Build.0 = MinSizeRel|x64
		{A575702A-51F6-363A-AB09-026F4C5CA5D2}.MinSizeRel|x86.ActiveCfg = MinSizeRel|x64
		{A575702A-51F6-363A-AB09-026F4C5CA5D2}.Release|x64.ActiveCfg = Release|x64
		{A575702A-51F6-363A-AB09-026F4C5CA5D2}.Release|x64.Build.0 = Release|x64
		{A575702A-51F6-363A-AB09-026F4C5CA5D2}.Release|x86.ActiveCfg = Release|x64
		{A575702A-51F6-363A-AB09-026F4C5CA5D2}.RelWithDebInfo|x64.ActiveCfg = RelWithDebInfo|x64
		{A575702A-51F6-363A-AB09-026F4C5CA5D2}.RelWithDebInfo|x64.Build.0 = RelWithDebInfo|x64
		{A575702A-51F6-363A-AB09-026F4C5CA5D2}.RelWithDebInfo|x86.ActiveCfg = RelWithDebInfo|x64
		{E6FEC525-533E-33BA-ACA3-16A8B22B120C}.Debug|x64.ActiveCfg = Debug|x64
		{E6FEC525-533E-33BA-ACA3-16A8B22B120C}.Debug|x86.ActiveCfg = Debug|Win32
		{E6FEC525-533E-33BA-ACA3-16A8B22B120C}.MinSizeRel|x64.ActiveCfg = MinSizeRel|x64
		{E6FEC525-533E-33BA-ACA3-16A8B22B120C}.MinSizeRel|x64.Build.0 = MinSizeRel|x64
		{E6FEC525-533E-33BA-ACA3-16A8B22B120C}.MinSizeRel|x86.ActiveCfg = MinSizeRel|x64
		{E6FEC525-533E-33BA-ACA3-16A8B22B120C}.Release|x64.ActiveCfg = Release|x64
		{E6FEC525-533E-33BA-ACA3-16A8B22B120C}.Release|x64.Build.0 = Release|x64
		{E6FEC525-533E-33BA-ACA3-16A8B22B120C}.Release|x86.ActiveCfg = Release|x64
		{E6FEC525-533E-33BA-ACA3-16A8B22B120C}.RelWithDebInfo|x64.ActiveCfg = RelWithDebInfo|x64
		{E6FEC525-533E-33BA-ACA3-16A8B22B120C}.RelWithDebInfo|x64.Build.0 = RelWithDebInfo|x64
		{E6FEC525-533E-33BA-ACA3-16A8B22B120C}.RelWithDebInfo|x86.ActiveCfg = RelWithDebInfo|x64
		{13A9BE17-9427-3CD1-B9CD-5D7BF7C1675A}.Debug|x64.ActiveCfg = Debug|x64
		{13A9BE17-9427-3CD1-B9CD-5D7BF7C1675A}.Debug|x86.ActiveCfg = Debug|Win32
		{13A9BE17-9427-3CD1-B9CD-5D7BF7C1675A}.MinSizeRel|x64.ActiveCfg = MinSizeRel|x64
		{13A9BE17-9427-3CD1-B9CD-5D7BF7C1675A}.MinSizeRel|x64.Build.0 = MinSizeRel|x64
		{13A9BE17-9427-3CD1-B9CD-5D7BF7C1675A}.MinSizeRel|x86.ActiveCfg = MinSizeRel|x64
		{13A9BE17-9427-3CD1-B9CD-5D7BF7C1675A}.Release|x64.ActiveCfg = Release|x64
		{13A9BE17-9427-3CD1-B9CD-5D7BF7C1675A}.Release|x64.Build.0 = Release|x64
		{13A9BE17-9427-3CD1-B9CD-5D7BF7C1675A}.Release|x86.ActiveCfg = Release|x64
		{13A9BE17-9427-3CD1-B9CD-5D7BF7C1675A}.RelWithDebInfo|x64.ActiveCfg = RelWithDebInfo|x64
		{13A9BE17-9427-3CD1-B9CD-5D7BF7C1675A}.RelWithDebInfo|x64.Build.0 = RelWithDebInfo|x64
		{13A9BE17-9427-3CD1-B9CD-5D7BF7C1675A}.RelWithDebInfo|x86.ActiveCfg = RelWithDebInfo|x64
	EndGlobalSection
	GlobalSection(SolutionProperties) = preSolution
		HideSolutionNode = FALSE
	EndGlobalSection
	GlobalSection(NestedProjects) = preSolution
		{A558D054-1BBF-3CB3-B3EA-730193AB0347} = {3363BDAE-B489-394E-B032-A07436B7FD42}
		{CFDCFA02-E206-391B-9294-60FACC92CC15} = {3363BDAE-B489-394E-B032-A07436B7FD42}
		{38399356-2A8C-305D-9142-7D1FCBC63E3E} = {3363BDAE-B489-394E-B032-A07436B7FD42}
		{4B40FE82-820A-35D9-9A2E-D2B10AB48A65} = {92A93419-2974-37D0-8B65-E25D2CB54536}
		{815AC7AF-3228-3C4D-91FF-7D28710E8A42} = {92A93419-2974-37D0-8B65-E25D2CB54536}
		{51ABBA6B-8486-3C6B-B367-613638B08072} = {92A93419-2974-37D0-8B65-E25D2CB54536}
		{A575702A-51F6-363A-AB09-026F4C5CA5D2} = {92A93419-2974-37D0-8B65-E25D2CB54536}
		{E6FEC525-533E-33BA-ACA3-16A8B22B120C} = {92A93419-2974-37D0-8B65-E25D2CB54536}
		{13A9BE17-9427-3CD1-B9CD-5D7BF7C1675A} = {92A93419-2974-37D0-8B65-E25D2CB54536}
	EndGlobalSection
	GlobalSection(ExtensibilityGlobals) = postSolution
		SolutionGuid = {D9BDC28C-10E5-461B-8AF2-C6094EC9B4ED}
	EndGlobalSection
EndGlobal
