<?xml version="1.0" encoding="utf-8"?>
<Project ToolsVersion="4.0" xmlns="http://schemas.microsoft.com/developer/msbuild/2003">
  <ItemGroup>
    <Filter Include="Source Files">
      <UniqueIdentifier>{4FC737F1-C7A5-4376-A066-2A32D752A2FF}</UniqueIdentifier>
      <Extensions>cpp;c;cc;cxx;def;odl;idl;hpj;bat;asm;asmx</Extensions>
    </Filter>
    <Filter Include="Header Files">
      <UniqueIdentifier>{93995380-89BD-4b04-88EB-625FBE52EBFB}</UniqueIdentifier>
      <Extensions>h;hh;hpp;hxx;hm;inl;inc;ipp;xsd</Extensions>
    </Filter>
    <Filter Include="imgui">
      <UniqueIdentifier>{f89edec5-2157-4f78-9f87-6d7d909de88c}</UniqueIdentifier>
    </Filter>
    <Filter Include="Header Files\People">
      <UniqueIdentifier>{39b0c71f-0099-4186-8dce-7621055e52fc}</UniqueIdentifier>
    </Filter>
    <Filter Include="Header Files\Base">
      <UniqueIdentifier>{12bc72bc-d881-49d6-8fd6-6954d26c2507}</UniqueIdentifier>
    </Filter>
    <Filter Include="Source Files\People">
      <UniqueIdentifier>{97cf2778-70b1-43c7-9906-acfa3787ac14}</UniqueIdentifier>
    </Filter>
  </ItemGroup>
  <ItemGroup>
    <ClCompile Include="main.cpp">
      <Filter>Source Files</Filter>
    </ClCompile>
    <ClCompile Include="D:\User Data\Documents\C++ Libraries\imgui-master\imgui.cpp">
      <Filter>imgui</Filter>
    </ClCompile>
    <ClCompile Include="D:\User Data\Documents\C++ Libraries\imgui-master\imgui_demo.cpp">
      <Filter>imgui</Filter>
    </ClCompile>
    <ClCompile Include="D:\User Data\Documents\C++ Libraries\imgui-master\imgui_draw.cpp">
      <Filter>imgui</Filter>
    </ClCompile>
    <ClCompile Include="D:\User Data\Documents\C++ Libraries\imgui-master\imgui_widgets.cpp">
      <Filter>imgui</Filter>
    </ClCompile>
    <ClCompile Include="D:\User Data\Documents\C++ Libraries\imgui-sfml-master\imgui-SFML.cpp">
      <Filter>imgui</Filter>
    </ClCompile>
    <ClCompile Include="States.cpp">
      <Filter>Source Files</Filter>
    </ClCompile>
    <ClCompile Include="UnitStatus.cpp">
      <Filter>Source Files\People</Filter>
    </ClCompile>
    <ClCompile Include="Stats.cpp">
      <Filter>Source Files\People</Filter>
    </ClCompile>
  </ItemGroup>
  <ItemGroup>
    <ClInclude Include="States.h">
      <Filter>Header Files</Filter>
    </ClInclude>
    <ClInclude Include="UnitStatus.h">
      <Filter>Header Files\People</Filter>
    </ClInclude>
    <ClInclude Include="Stats.h">
      <Filter>Header Files\People</Filter>
    </ClInclude>
    <ClInclude Include="BaseIncludes.h">
      <Filter>Header Files\Base</Filter>
    </ClInclude>
    <ClInclude Include="HealthStats.h">
      <Filter>Header Files\People</Filter>
    </ClInclude>
  </ItemGroup>
</Project>