<?xml version="1.0" encoding="utf-8"?>
<Project ToolsVersion="4.0" xmlns="http://schemas.microsoft.com/developer/msbuild/2003">
  <ItemGroup>
    <Filter Include="Source Files">
      <UniqueIdentifier>{4FC737F1-C7A5-4376-A066-2A32D752A2FF}</UniqueIdentifier>
      <Extensions>cpp;c;cc;cxx;def;odl;idl;hpj;bat;asm;asmx</Extensions>
    </Filter>
    <Filter Include="Header Files">
      <UniqueIdentifier>{93995380-89BD-4b04-88EB-625FBE52EBFB}</UniqueIdentifier>
      <Extensions>h;hh;hpp;hxx;hm;inl;inc;ipp;xsd</Extensions>
    </Filter>
    <Filter Include="imgui">
      <UniqueIdentifier>{f89edec5-2157-4f78-9f87-6d7d909de88c}</UniqueIdentifier>
    </Filter>
    <Filter Include="Header Files\People">
      <UniqueIdentifier>{39b0c71f-0099-4186-8dce-7621055e52fc}</UniqueIdentifier>
    </Filter>
    <Filter Include="Source Files\People">
      <UniqueIdentifier>{97cf2778-70b1-43c7-9906-acfa3787ac14}</UniqueIdentifier>
    </Filter>
    <Filter Include="Header Files\GameStates">
      <UniqueIdentifier>{9fea2855-9023-41d8-b0a2-f9603f73116e}</UniqueIdentifier>
    </Filter>
    <Filter Include="Source Files\GameStates">
      <UniqueIdentifier>{13ae8382-7761-455c-a145-15a9a69af371}</UniqueIdentifier>
    </Filter>
    <Filter Include="LUA Files">
      <UniqueIdentifier>{fb640fa7-eb2a-4eb8-9327-3e60bf3ccc92}</UniqueIdentifier>
    </Filter>
    <Filter Include="LUA Files\States">
      <UniqueIdentifier>{69e5f87e-d639-4c93-8929-8f7197fb1aa8}</UniqueIdentifier>
    </Filter>
    <Filter Include="Header Files\GameStates\StateFactory">
      <UniqueIdentifier>{808da6a7-a333-4459-b367-0a6528d12c85}</UniqueIdentifier>
    </Filter>
    <Filter Include="Source Files\GameStates\StateFactory">
      <UniqueIdentifier>{4c1bbe71-ff7e-46a9-868e-f323de57468f}</UniqueIdentifier>
    </Filter>
    <Filter Include="Header Files\GameStates\States">
      <UniqueIdentifier>{e639af72-dee7-4091-869c-3c53d8de0cc7}</UniqueIdentifier>
    </Filter>
    <Filter Include="Header Files\Managers">
      <UniqueIdentifier>{127c92ea-a0ab-40b8-b4c8-d2292bf030c5}</UniqueIdentifier>
    </Filter>
    <Filter Include="Source Files\Managers">
      <UniqueIdentifier>{2c6e7794-ebf8-4254-8ee3-24da2ae278fa}</UniqueIdentifier>
    </Filter>
    <Filter Include="Header Files\Colony">
      <UniqueIdentifier>{12bc72bc-d881-49d6-8fd6-6954d26c2507}</UniqueIdentifier>
    </Filter>
    <Filter Include="Source Files\Colony">
      <UniqueIdentifier>{bb79479a-c088-4554-bebe-0c02624c0679}</UniqueIdentifier>
    </Filter>
    <Filter Include="Header Files\Colony\Resources">
      <UniqueIdentifier>{d6075408-b6d8-42ae-91e6-8a967d5dd7b0}</UniqueIdentifier>
    </Filter>
  </ItemGroup>
  <ItemGroup>
    <ClCompile Include="main.cpp">
      <Filter>Source Files</Filter>
    </ClCompile>
    <ClCompile Include="D:\User Data\Documents\C++ Libraries\imgui-master\imgui.cpp">
      <Filter>imgui</Filter>
    </ClCompile>
    <ClCompile Include="D:\User Data\Documents\C++ Libraries\imgui-master\imgui_demo.cpp">
      <Filter>imgui</Filter>
    </ClCompile>
    <ClCompile Include="D:\User Data\Documents\C++ Libraries\imgui-master\imgui_draw.cpp">
      <Filter>imgui</Filter>
    </ClCompile>
    <ClCompile Include="D:\User Data\Documents\C++ Libraries\imgui-master\imgui_widgets.cpp">
      <Filter>imgui</Filter>
    </ClCompile>
    <ClCompile Include="D:\User Data\Documents\C++ Libraries\imgui-sfml-master\imgui-SFML.cpp">
      <Filter>imgui</Filter>
    </ClCompile>
    <ClCompile Include="UnitStatus.cpp">
      <Filter>Source Files\People</Filter>
    </ClCompile>
    <ClCompile Include="Stats.cpp">
      <Filter>Source Files\People</Filter>
    </ClCompile>
    <ClCompile Include="HealthStats.cpp">
      <Filter>Source Files\People</Filter>
    </ClCompile>
    <ClCompile Include="Colony.cpp">
      <Filter>Source Files\Colony</Filter>
    </ClCompile>
    <ClCompile Include="Unit.cpp">
      <Filter>Source Files\People</Filter>
    </ClCompile>
    <ClCompile Include="ColonyBuildings.cpp">
      <Filter>Source Files\Colony</Filter>
    </ClCompile>
    <ClCompile Include="ColonyZone.cpp">
      <Filter>Source Files\Colony</Filter>
    </ClCompile>
    <ClCompile Include="Faction.cpp">
      <Filter>Source Files</Filter>
    </ClCompile>
    <ClCompile Include="State.cpp">
      <Filter>Source Files\GameStates</Filter>
    </ClCompile>
    <ClCompile Include="StateManager.cpp">
      <Filter>Source Files\GameStates</Filter>
    </ClCompile>
    <ClCompile Include="World.cpp">
      <Filter>Source Files</Filter>
    </ClCompile>
    <ClCompile Include="SFML-extensions.cpp">
      <Filter>Source Files</Filter>
    </ClCompile>
    <ClCompile Include="GameStateFactoryManager.cpp">
      <Filter>Source Files\GameStates\StateFactory</Filter>
    </ClCompile>
    <ClCompile Include="GameManager.cpp">
      <Filter>Source Files\Managers</Filter>
    </ClCompile>
    <ClCompile Include="LocalizationManager.cpp">
      <Filter>Source Files\Managers</Filter>
    </ClCompile>
    <ClCompile Include="LUA.cpp">
      <Filter>Source Files\Managers</Filter>
    </ClCompile>
    <ClCompile Include="SFML-manager.cpp">
      <Filter>Source Files\Managers</Filter>
    </ClCompile>
  </ItemGroup>
  <ItemGroup>
    <ClInclude Include="UnitStatus.h">
      <Filter>Header Files\People</Filter>
    </ClInclude>
    <ClInclude Include="Stats.h">
      <Filter>Header Files\People</Filter>
    </ClInclude>
    <ClInclude Include="HealthStats.h">
      <Filter>Header Files\People</Filter>
    </ClInclude>
    <ClInclude Include="Unit.h">
      <Filter>Header Files\People</Filter>
    </ClInclude>
    <ClInclude Include="UnitTraits.h">
      <Filter>Header Files\People</Filter>
    </ClInclude>
    <ClInclude Include="BaseIncludes.h">
      <Filter>Header Files</Filter>
    </ClInclude>
    <ClInclude Include="Inventory.h">
      <Filter>Header Files\People</Filter>
    </ClInclude>
    <ClInclude Include="Colony.h">
      <Filter>Header Files\Colony</Filter>
    </ClInclude>
    <ClInclude Include="ColonyZone.h">
      <Filter>Header Files\Colony</Filter>
    </ClInclude>
    <ClInclude Include="ColonyBuildings.h">
      <Filter>Header Files\Colony</Filter>
    </ClInclude>
    <ClInclude Include="ColonyUpgrades.h">
      <Filter>Header Files\Colony</Filter>
    </ClInclude>
    <ClInclude Include="Faction.h">
      <Filter>Header Files</Filter>
    </ClInclude>
    <ClInclude Include="GameStates.h">
      <Filter>Header Files\GameStates</Filter>
    </ClInclude>
    <ClInclude Include="World.h">
      <Filter>Header Files</Filter>
    </ClInclude>
    <ClInclude Include="SFML-extensions.h">
      <Filter>Header Files</Filter>
    </ClInclude>
    <ClInclude Include="GameStateFactoryManager.h">
      <Filter>Header Files\GameStates\StateFactory</Filter>
    </ClInclude>
    <ClInclude Include="State.h">
      <Filter>Header Files\GameStates</Filter>
    </ClInclude>
    <ClInclude Include="StateCharacterCreation.h">
      <Filter>Header Files\GameStates\States</Filter>
    </ClInclude>
    <ClInclude Include="StateCharacterOverview.h">
      <Filter>Header Files\GameStates\States</Filter>
    </ClInclude>
    <ClInclude Include="StateFactionCreation.h">
      <Filter>Header Files\GameStates\States</Filter>
    </ClInclude>
    <ClInclude Include="StateFactionOverview.h">
      <Filter>Header Files\GameStates\States</Filter>
    </ClInclude>
    <ClInclude Include="StateLoadGame.h">
      <Filter>Header Files\GameStates\States</Filter>
    </ClInclude>
    <ClInclude Include="StateMainMenu.h">
      <Filter>Header Files\GameStates\States</Filter>
    </ClInclude>
    <ClInclude Include="StateSaveGame.h">
      <Filter>Header Files\GameStates\States</Filter>
    </ClInclude>
    <ClInclude Include="StateBuildingUpgrades.h">
      <Filter>Header Files\GameStates\States</Filter>
    </ClInclude>
    <ClInclude Include="StateCityUpgrades.h">
      <Filter>Header Files\GameStates\States</Filter>
    </ClInclude>
    <ClInclude Include="StateCombat.h">
      <Filter>Header Files\GameStates\States</Filter>
    </ClInclude>
    <ClInclude Include="StateDiplomacy.h">
      <Filter>Header Files\GameStates\States</Filter>
    </ClInclude>
    <ClInclude Include="StateInventory.h">
      <Filter>Header Files\GameStates\States</Filter>
    </ClInclude>
    <ClInclude Include="StateUnitUpgrades.h">
      <Filter>Header Files\GameStates\States</Filter>
    </ClInclude>
    <ClInclude Include="StateWorldOverview.h">
      <Filter>Header Files\GameStates\States</Filter>
    </ClInclude>
    <ClInclude Include="StateManager.h">
      <Filter>Header Files\GameStates</Filter>
    </ClInclude>
    <ClInclude Include="GameManager.h">
      <Filter>Header Files\Managers</Filter>
    </ClInclude>
    <ClInclude Include="LocalizationManager.h">
      <Filter>Header Files\Managers</Filter>
    </ClInclude>
    <ClInclude Include="LUA.h">
      <Filter>Header Files\Managers</Filter>
    </ClInclude>
    <ClInclude Include="SFML-manager.h">
      <Filter>Header Files\Managers</Filter>
    </ClInclude>
    <ClInclude Include="Resources.h">
      <Filter>Header Files\Colony\Resources</Filter>
    </ClInclude>
  </ItemGroup>
  <ItemGroup>
    <None Include="Resources\LUA\StateMainMenu.lua">
      <Filter>LUA Files\States</Filter>
    </None>
    <None Include="Resources\LUA\StateSaveGame.lua">
      <Filter>LUA Files\States</Filter>
    </None>
    <None Include="Resources\LUA\StateLoadGame.Lua">
      <Filter>LUA Files\States</Filter>
    </None>
    <None Include="Resources\LUA\StateFactionCreation.lua">
      <Filter>LUA Files\States</Filter>
    </None>
    <None Include="Resources\LUA\StateFactionOverview.lua">
      <Filter>LUA Files\States</Filter>
    </None>
    <None Include="Resources\LUA\StateInventory.lua">
      <Filter>LUA Files\States</Filter>
    </None>
    <None Include="Resources\LUA\StateUnitUpgrades.lua">
      <Filter>LUA Files\States</Filter>
    </None>
    <None Include="Resources\LUA\StateWorldOverview.lua">
      <Filter>LUA Files\States</Filter>
    </None>
    <None Include="Resources\LUA\StateBuildingUpgrades.lua">
      <Filter>LUA Files\States</Filter>
    </None>
    <None Include="Resources\LUA\StateCharacterCreation.lua">
      <Filter>LUA Files\States</Filter>
    </None>
    <None Include="Resources\LUA\StateCharacterOverview.lua">
      <Filter>LUA Files\States</Filter>
    </None>
    <None Include="Resources\LUA\StateCityUpgrades.lua">
      <Filter>LUA Files\States</Filter>
    </None>
    <None Include="Resources\LUA\StateCombat.lua">
      <Filter>LUA Files\States</Filter>
    </None>
    <None Include="Resources\LUA\StateDiplomacy.lua">
      <Filter>LUA Files\States</Filter>
    </None>
  </ItemGroup>
</Project>